
Microsoft Visual Studio Solution File, Format Version 12.00
# Visual Studio Version 17
VisualStudioVersion = 17.5.33424.131
MinimumVisualStudioVersion = 10.0.40219.1
Project("{FAE04EC0-301F-11D3-BF4B-00C04F79EFBC}") = "portfolio", "portfolio\portfolio.csproj", "{0FD12BB4-C8CA-417A-A835-F21A109A9E94}"
EndProject
Global
	GlobalSection(SolutionConfigurationPlatforms) = preSolution
		Debug|Any CPU = Debug|Any CPU
		Release|Any CPU = Release|Any CPU
	EndGlobalSection
	GlobalSection(ProjectConfigurationPlatforms) = postSolution
		{0FD12BB4-C8CA-417A-A835-F21A109A9E94}.Debug|Any CPU.ActiveCfg = Debug|Any CPU
		{0FD12BB4-C8CA-417A-A835-F21A109A9E94}.Debug|Any CPU.Build.0 = Debug|Any CPU
		{0FD12BB4-C8CA-417A-A835-F21A109A9E94}.Release|Any CPU.ActiveCfg = Release|Any CPU
		{0FD12BB4-C8CA-417A-A835-F21A109A9E94}.Release|Any CPU.Build.0 = Release|Any CPU
	EndGlobalSection
	GlobalSection(SolutionProperties) = preSolution
		HideSolutionNode = FALSE
	EndGlobalSection
	GlobalSection(ExtensibilityGlobals) = postSolution
		SolutionGuid = {5BE0D182-25FE-4185-AC2B-E5077A50994A}
	EndGlobalSection
EndGlobal
